
Microsoft Visual Studio Solution File, Format Version 10.00
# Visual Studio 2008
Project("{8BC9CEB8-8B4A-11D0-8D11-00A0C91BC942}") = "RcpHandler", "RcpHandler.vcproj", "{54B2CC2D-30FA-40A3-A228-9E1C343DBF27}"
EndProject
Global
	GlobalSection(SolutionConfigurationPlatforms) = preSolution
		Release|Win32 = Release|Win32
	EndGlobalSection
	GlobalSection(ProjectConfigurationPlatforms) = postSolution
		{54B2CC2D-30FA-40A3-A228-9E1C343DBF27}.Release|Win32.ActiveCfg = Release|Win32
		{54B2CC2D-30FA-40A3-A228-9E1C343DBF27}.Release|Win32.Build.0 = Release|Win32
	EndGlobalSection
	GlobalSection(SolutionProperties) = preSolution
		HideSolutionNode = FALSE
	EndGlobalSection
EndGlobal
